
Microsoft Visual Studio Solution File, Format Version 12.00
# Visual Studio Version 17
VisualStudioVersion = 17.4.33205.214
MinimumVisualStudioVersion = 10.0.40219.1
Project("{9A19103F-16F7-4668-BE54-9A1E7A4F7556}") = "ApplicationBlog.UI", "ApplicationBlog.UI\ApplicationBlog.UI.csproj", "{4A517A79-99D2-4771-BFBD-54DB8A62F200}"
EndProject
Project("{9A19103F-16F7-4668-BE54-9A1E7A4F7556}") = "ApplicationBlog.DAL", "ApplicationBlog.DAL\ApplicationBlog.DAL.csproj", "{B3B05C77-636D-4A9F-9FF2-032B544DC330}"
EndProject
Project("{FAE04EC0-301F-11D3-BF4B-00C04F79EFBC}") = "ApplicationBlog.BL", "ApplicationBlog.BL\ApplicationBlog.BL.csproj", "{ACE4842F-110C-457F-B444-384F07C72B2A}"
EndProject
Global
	GlobalSection(SolutionConfigurationPlatforms) = preSolution
		Debug|Any CPU = Debug|Any CPU
		Release|Any CPU = Release|Any CPU
	EndGlobalSection
	GlobalSection(ProjectConfigurationPlatforms) = postSolution
		{4A517A79-99D2-4771-BFBD-54DB8A62F200}.Debug|Any CPU.ActiveCfg = Debug|Any CPU
		{4A517A79-99D2-4771-BFBD-54DB8A62F200}.Debug|Any CPU.Build.0 = Debug|Any CPU
		{4A517A79-99D2-4771-BFBD-54DB8A62F200}.Release|Any CPU.ActiveCfg = Release|Any CPU
		{4A517A79-99D2-4771-BFBD-54DB8A62F200}.Release|Any CPU.Build.0 = Release|Any CPU
		{B3B05C77-636D-4A9F-9FF2-032B544DC330}.Debug|Any CPU.ActiveCfg = Debug|Any CPU
		{B3B05C77-636D-4A9F-9FF2-032B544DC330}.Debug|Any CPU.Build.0 = Debug|Any CPU
		{B3B05C77-636D-4A9F-9FF2-032B544DC330}.Release|Any CPU.ActiveCfg = Release|Any CPU
		{B3B05C77-636D-4A9F-9FF2-032B544DC330}.Release|Any CPU.Build.0 = Release|Any CPU
		{ACE4842F-110C-457F-B444-384F07C72B2A}.Debug|Any CPU.ActiveCfg = Debug|Any CPU
		{ACE4842F-110C-457F-B444-384F07C72B2A}.Debug|Any CPU.Build.0 = Debug|Any CPU
		{ACE4842F-110C-457F-B444-384F07C72B2A}.Release|Any CPU.ActiveCfg = Release|Any CPU
		{ACE4842F-110C-457F-B444-384F07C72B2A}.Release|Any CPU.Build.0 = Release|Any CPU
	EndGlobalSection
	GlobalSection(SolutionProperties) = preSolution
		HideSolutionNode = FALSE
	EndGlobalSection
	GlobalSection(ExtensibilityGlobals) = postSolution
		SolutionGuid = {41AC121C-688F-4423-800E-FECAB0EB09D7}
	EndGlobalSection
EndGlobal
